<?xml version="1.0" encoding="utf-8"?>
<Project ToolsVersion="4.0" xmlns="http://schemas.microsoft.com/developer/msbuild/2003">
  <ItemGroup>
    <Filter Include="99.Default">
      <UniqueIdentifier>{d798134a-70f9-48ee-a16e-e40a5f423b65}</UniqueIdentifier>
    </Filter>
    <Filter Include="00.MainGame">
      <UniqueIdentifier>{7af42ad1-1c59-43ff-940b-93d35811c650}</UniqueIdentifier>
    </Filter>
    <Filter Include="97.Managers">
      <UniqueIdentifier>{ac6b51e5-1226-4f98-9662-226234698a80}</UniqueIdentifier>
    </Filter>
    <Filter Include="98.Header">
      <UniqueIdentifier>{0ab07e2d-adc6-4bbc-962c-ed4e67ed7fa5}</UniqueIdentifier>
    </Filter>
    <Filter Include="01.GameObject">
      <UniqueIdentifier>{158e5fcf-4b00-4dfd-91ed-e375d42f3ec9}</UniqueIdentifier>
    </Filter>
    <Filter Include="97.Managers\00.GameManager">
      <UniqueIdentifier>{60484f4f-c9ed-4c43-8ee3-2bc6843e7943}</UniqueIdentifier>
    </Filter>
    <Filter Include="01.GameObject\00.Actor">
      <UniqueIdentifier>{6b65b604-7578-43f0-a5ac-ea77ade05be9}</UniqueIdentifier>
    </Filter>
    <Filter Include="97.Managers\02.BmpManager">
      <UniqueIdentifier>{6bab6048-9adf-4f0f-acc3-224b5842a80c}</UniqueIdentifier>
    </Filter>
    <Filter Include="97.Managers\01.InputManager">
      <UniqueIdentifier>{9141436e-e884-42b6-9899-d12ef688ce15}</UniqueIdentifier>
    </Filter>
    <Filter Include="97.Managers\02.BmpManager\00.Bmp">
      <UniqueIdentifier>{57e2f6a7-05c8-476a-a603-cf7abbc4d27c}</UniqueIdentifier>
    </Filter>
    <Filter Include="03.Enemy">
      <UniqueIdentifier>{b1269d71-5c6f-4159-b72f-a23e00a1bd15}</UniqueIdentifier>
    </Filter>
    <Filter Include="01.GameObject\01.Ground">
      <UniqueIdentifier>{9e96d9b6-ed0d-4093-86d0-65be37df2b6d}</UniqueIdentifier>
    </Filter>
    <Filter Include="97.Managers\03.Math">
      <UniqueIdentifier>{8d71e365-ecd4-485a-aaf3-7a18826e65c2}</UniqueIdentifier>
    </Filter>
    <Filter Include="97.Managers\04.Collision">
      <UniqueIdentifier>{ab56879e-bcdc-4633-89e5-262c60c56203}</UniqueIdentifier>
    </Filter>
    <Filter Include="05.Scene">
      <UniqueIdentifier>{c40b66b1-217a-4cae-829b-395b30cd09df}</UniqueIdentifier>
    </Filter>
    <Filter Include="97.Managers\05.SceneManager">
      <UniqueIdentifier>{e4500db9-1df8-49e4-87b0-1605767c5f4d}</UniqueIdentifier>
    </Filter>
    <Filter Include="05.Scene\00.Logo">
      <UniqueIdentifier>{6b0f52e9-8ebe-4b16-8cef-1d0150284416}</UniqueIdentifier>
    </Filter>
    <Filter Include="05.Scene\01.Title">
      <UniqueIdentifier>{6d8fe8b6-76bd-485d-a57a-192dcdf89407}</UniqueIdentifier>
    </Filter>
    <Filter Include="05.Scene\02.Stage1-1">
      <UniqueIdentifier>{ae9995b3-2def-4b19-955d-72c9e9b91351}</UniqueIdentifier>
    </Filter>
    <Filter Include="05.Scene\99.Boss">
      <UniqueIdentifier>{9793db2f-be2b-474d-b2a8-4fce7182b619}</UniqueIdentifier>
    </Filter>
    <Filter Include="02.Kirby">
      <UniqueIdentifier>{85c68ade-68ef-4da5-afd3-9dafbd0c5e79}</UniqueIdentifier>
    </Filter>
    <Filter Include="04.Effect">
      <UniqueIdentifier>{54f175a1-61a1-4ec5-a9c4-1bed3ffc4c6f}</UniqueIdentifier>
    </Filter>
    <Filter Include="01.GameObject\02.HitBox">
      <UniqueIdentifier>{a2bf68f1-905d-4583-b044-6b275cba23c8}</UniqueIdentifier>
    </Filter>
    <Filter Include="01.GameObject\03.MapObject">
      <UniqueIdentifier>{e3844d6d-275f-46d0-b3c8-fcd6e592edf2}</UniqueIdentifier>
    </Filter>
    <Filter Include="03.Enemy\00.InhailStar">
      <UniqueIdentifier>{116050ff-57e8-45a9-9feb-4dae768ad065}</UniqueIdentifier>
    </Filter>
    <Filter Include="04.Effect\00.KirbyEffect">
      <UniqueIdentifier>{9a61b3d6-4e40-49aa-b46d-0238f247c068}</UniqueIdentifier>
    </Filter>
    <Filter Include="04.Effect\00.KirbyEffect\02.Eff_Dash">
      <UniqueIdentifier>{3213e52b-4431-496d-8af1-e11b190fd3a7}</UniqueIdentifier>
    </Filter>
    <Filter Include="04.Effect\00.KirbyEffect\01.Eff_Normal_FLY">
      <UniqueIdentifier>{c5d1dfc2-8b10-49d2-8a94-f150fb502559}</UniqueIdentifier>
    </Filter>
    <Filter Include="04.Effect\00.KirbyEffect\00.Eff_NormalAtt">
      <UniqueIdentifier>{4132dae0-4213-412f-8ea8-1f1176f8d2c8}</UniqueIdentifier>
    </Filter>
    <Filter Include="04.Effect\00.KirbyEffect\03.Eff_ShootingStar">
      <UniqueIdentifier>{241606b6-bf27-4cd0-8b08-4975cd66bc4b}</UniqueIdentifier>
    </Filter>
    <Filter Include="04.Effect\00.KirbyEffect\04.Eff_MiniStar">
      <UniqueIdentifier>{92dd7d4b-81fb-4d03-8602-9252690e64d7}</UniqueIdentifier>
    </Filter>
    <Filter Include="04.Effect\00.KirbyEffect\05.Eff_ClearStar">
      <UniqueIdentifier>{f4a3a2a9-b31f-4c65-9ee7-e056aedf8a09}</UniqueIdentifier>
    </Filter>
    <Filter Include="04.Effect\00.KirbyEffect\06.Eff_Transform">
      <UniqueIdentifier>{15a0611c-7d87-4a15-a595-b7c368970b0a}</UniqueIdentifier>
    </Filter>
    <Filter Include="03.Enemy\01.Wadorudi">
      <UniqueIdentifier>{e070ccb2-fd88-48d5-b9e3-fdeaf4a6d38e}</UniqueIdentifier>
    </Filter>
    <Filter Include="03.Enemy\02.Scarfy">
      <UniqueIdentifier>{160bb30c-1e8e-4da2-8986-05bc7cc3beff}</UniqueIdentifier>
    </Filter>
    <Filter Include="03.Enemy\03.SwordKnight">
      <UniqueIdentifier>{d68009b1-53d0-4967-8d73-2208b2cdac19}</UniqueIdentifier>
    </Filter>
    <Filter Include="03.Enemy\99.MetaKnight">
      <UniqueIdentifier>{c4657e0b-0c4c-450d-b453-6e9ed873ae34}</UniqueIdentifier>
    </Filter>
    <Filter Include="04.Effect\01.MetaKnightEffect">
      <UniqueIdentifier>{7d181558-280c-4c24-a491-f217f2991cc3}</UniqueIdentifier>
    </Filter>
    <Filter Include="04.Effect\01.MetaKnightEffect\00.SlashSkill">
      <UniqueIdentifier>{c9b9a518-6624-4509-8cbb-c9789afea965}</UniqueIdentifier>
    </Filter>
    <Filter Include="04.Effect\01.MetaKnightEffect\01.Tornado">
      <UniqueIdentifier>{cfc74503-6c4d-475c-854a-8cae08ac48ad}</UniqueIdentifier>
    </Filter>
    <Filter Include="97.Managers\06.SoundManager">
      <UniqueIdentifier>{31678c17-8240-44db-bcae-d28eace8ae85}</UniqueIdentifier>
    </Filter>
    <Filter Include="06.UI">
      <UniqueIdentifier>{27e96559-f7d6-45cf-af20-a97e13af4dc8}</UniqueIdentifier>
    </Filter>
    <Filter Include="06.UI\01.BossHp">
      <UniqueIdentifier>{3eec64bb-2482-4220-8507-5cec120c9ac6}</UniqueIdentifier>
    </Filter>
    <Filter Include="06.UI\00.PlayerHp">
      <UniqueIdentifier>{ab4150c1-a0e5-4a3b-90a1-66ffdf01997a}</UniqueIdentifier>
    </Filter>
    <Filter Include="05.Scene\97.MidBoss">
      <UniqueIdentifier>{a1077753-6b13-45af-9548-34e38bd943fd}</UniqueIdentifier>
    </Filter>
    <Filter Include="05.Scene\98.Special">
      <UniqueIdentifier>{963393f1-e098-43a5-9720-06986e7ba9a0}</UniqueIdentifier>
    </Filter>
    <Filter Include="03.Enemy\97.DDD">
      <UniqueIdentifier>{95e63016-fab7-48ff-8f48-31313b82b93e}</UniqueIdentifier>
    </Filter>
    <Filter Include="03.Enemy\98.Mario">
      <UniqueIdentifier>{9688cd2f-4f47-4e40-ba7d-26718f26e3dc}</UniqueIdentifier>
    </Filter>
    <Filter Include="04.Effect\02.MarioFire">
      <UniqueIdentifier>{6dba892a-cac5-4a66-938c-48bfe9b1bbe7}</UniqueIdentifier>
    </Filter>
  </ItemGroup>
  <ItemGroup>
    <ClInclude Include="Client.h">
      <Filter>99.Default</Filter>
    </ClInclude>
    <ClInclude Include="Resource.h">
      <Filter>99.Default</Filter>
    </ClInclude>
    <ClInclude Include="targetver.h">
      <Filter>99.Default</Filter>
    </ClInclude>
    <ClInclude Include="stdafx.h" />
    <ClInclude Include="Define.h">
      <Filter>98.Header</Filter>
    </ClInclude>
    <ClInclude Include="Extern.h">
      <Filter>98.Header</Filter>
    </ClInclude>
    <ClInclude Include="Struct.h">
      <Filter>98.Header</Filter>
    </ClInclude>
    <ClInclude Include="Typedef.h">
      <Filter>98.Header</Filter>
    </ClInclude>
    <ClInclude Include="Enum.h">
      <Filter>98.Header</Filter>
    </ClInclude>
    <ClInclude Include="Function.h">
      <Filter>98.Header</Filter>
    </ClInclude>
    <ClInclude Include="AbsFactory.h">
      <Filter>98.Header</Filter>
    </ClInclude>
    <ClInclude Include="GameObject.h">
      <Filter>01.GameObject</Filter>
    </ClInclude>
    <ClInclude Include="MainGame.h">
      <Filter>00.MainGame</Filter>
    </ClInclude>
    <ClInclude Include="GameManager.h">
      <Filter>97.Managers\00.GameManager</Filter>
    </ClInclude>
    <ClInclude Include="Actor.h">
      <Filter>01.GameObject\00.Actor</Filter>
    </ClInclude>
    <ClInclude Include="Kirby.h">
      <Filter>02.Kirby</Filter>
    </ClInclude>
    <ClInclude Include="InputManager.h">
      <Filter>97.Managers\01.InputManager</Filter>
    </ClInclude>
    <ClInclude Include="BmpManager.h">
      <Filter>97.Managers\02.BmpManager</Filter>
    </ClInclude>
    <ClInclude Include="Bmp.h">
      <Filter>97.Managers\02.BmpManager\00.Bmp</Filter>
    </ClInclude>
    <ClInclude Include="Ground.h">
      <Filter>01.GameObject\01.Ground</Filter>
    </ClInclude>
    <ClInclude Include="Math.h">
      <Filter>97.Managers\03.Math</Filter>
    </ClInclude>
    <ClInclude Include="Collision.h">
      <Filter>97.Managers\04.Collision</Filter>
    </ClInclude>
    <ClInclude Include="Eff_NormalAtt.h">
      <Filter>04.Effect\00.KirbyEffect\00.Eff_NormalAtt</Filter>
    </ClInclude>
    <ClInclude Include="Eff_Normal_FlyAtt.h">
      <Filter>04.Effect\00.KirbyEffect\01.Eff_Normal_FLY</Filter>
    </ClInclude>
    <ClInclude Include="Eff_Dash.h">
      <Filter>04.Effect\00.KirbyEffect\02.Eff_Dash</Filter>
    </ClInclude>
    <ClInclude Include="Scene.h">
      <Filter>05.Scene</Filter>
    </ClInclude>
    <ClInclude Include="SceneManager.h">
      <Filter>97.Managers\05.SceneManager</Filter>
    </ClInclude>
    <ClInclude Include="Boss.h">
      <Filter>05.Scene\99.Boss</Filter>
    </ClInclude>
    <ClInclude Include="Logo.h">
      <Filter>05.Scene\00.Logo</Filter>
    </ClInclude>
    <ClInclude Include="Title.h">
      <Filter>05.Scene\01.Title</Filter>
    </ClInclude>
    <ClInclude Include="Stage1_1.h">
      <Filter>05.Scene\02.Stage1-1</Filter>
    </ClInclude>
    <ClInclude Include="HitBox.h">
      <Filter>01.GameObject\02.HitBox</Filter>
    </ClInclude>
    <ClInclude Include="Wadorudi.h">
      <Filter>03.Enemy\01.Wadorudi</Filter>
    </ClInclude>
    <ClInclude Include="Enemy.h">
      <Filter>03.Enemy</Filter>
    </ClInclude>
    <ClInclude Include="Eff_ShootingStar.h">
      <Filter>04.Effect\00.KirbyEffect\03.Eff_ShootingStar</Filter>
    </ClInclude>
    <ClInclude Include="Scarfy.h">
      <Filter>03.Enemy\02.Scarfy</Filter>
    </ClInclude>
    <ClInclude Include="Door.h">
      <Filter>01.GameObject\03.MapObject</Filter>
    </ClInclude>
    <ClInclude Include="MidBoss.h">
      <Filter>05.Scene\97.MidBoss</Filter>
    </ClInclude>
    <ClInclude Include="DDD.h">
      <Filter>03.Enemy\97.DDD</Filter>
    </ClInclude>
    <ClInclude Include="InhailStar.h">
      <Filter>03.Enemy\00.InhailStar</Filter>
    </ClInclude>
    <ClInclude Include="SwordKnight.h">
      <Filter>03.Enemy\03.SwordKnight</Filter>
    </ClInclude>
    <ClInclude Include="Eff_MiniStar.h">
      <Filter>04.Effect\00.KirbyEffect\04.Eff_MiniStar</Filter>
    </ClInclude>
    <ClInclude Include="Eff_ClearStar.h">
      <Filter>04.Effect\00.KirbyEffect\05.Eff_ClearStar</Filter>
    </ClInclude>
    <ClInclude Include="Eff_Transform.h">
      <Filter>04.Effect\00.KirbyEffect\06.Eff_Transform</Filter>
    </ClInclude>
    <ClInclude Include="MetaKnight.h">
      <Filter>03.Enemy\99.MetaKnight</Filter>
    </ClInclude>
    <ClInclude Include="Eff_Tornado.h">
      <Filter>04.Effect\01.MetaKnightEffect\01.Tornado</Filter>
    </ClInclude>
    <ClInclude Include="Eff_SlashSkill.h">
      <Filter>04.Effect\01.MetaKnightEffect\00.SlashSkill</Filter>
    </ClInclude>
    <ClInclude Include="SoundManager.h">
      <Filter>97.Managers\06.SoundManager</Filter>
    </ClInclude>
    <ClInclude Include="UI_PlayerHp.h">
      <Filter>06.UI\00.PlayerHp</Filter>
    </ClInclude>
    <ClInclude Include="UI_BossHp.h">
      <Filter>06.UI\01.BossHp</Filter>
    </ClInclude>
    <ClInclude Include="SpecialMap.h">
      <Filter>05.Scene\98.Special</Filter>
    </ClInclude>
    <ClInclude Include="MarioFire.h">
      <Filter>04.Effect\02.MarioFire</Filter>
    </ClInclude>
    <ClInclude Include="Mario.h">
      <Filter>03.Enemy\98.Mario</Filter>
    </ClInclude>
  </ItemGroup>
  <ItemGroup>
    <ClCompile Include="stdafx.cpp">
      <Filter>99.Default</Filter>
    </ClCompile>
    <ClCompile Include="Client.cpp" />
    <ClCompile Include="GameObject.cpp">
      <Filter>01.GameObject</Filter>
    </ClCompile>
    <ClCompile Include="MainGame.cpp">
      <Filter>00.MainGame</Filter>
    </ClCompile>
    <ClCompile Include="GameManager.cpp">
      <Filter>97.Managers\00.GameManager</Filter>
    </ClCompile>
    <ClCompile Include="Actor.cpp">
      <Filter>01.GameObject\00.Actor</Filter>
    </ClCompile>
    <ClCompile Include="Kirby.cpp">
      <Filter>02.Kirby</Filter>
    </ClCompile>
    <ClCompile Include="InputManager.cpp">
      <Filter>97.Managers\01.InputManager</Filter>
    </ClCompile>
    <ClCompile Include="BmpManager.cpp">
      <Filter>97.Managers\02.BmpManager</Filter>
    </ClCompile>
    <ClCompile Include="Bmp.cpp">
      <Filter>97.Managers\02.BmpManager\00.Bmp</Filter>
    </ClCompile>
    <ClCompile Include="Ground.cpp">
      <Filter>01.GameObject\01.Ground</Filter>
    </ClCompile>
    <ClCompile Include="Math.cpp">
      <Filter>97.Managers\03.Math</Filter>
    </ClCompile>
    <ClCompile Include="Collision.cpp">
      <Filter>97.Managers\04.Collision</Filter>
    </ClCompile>
    <ClCompile Include="Eff_NormalAtt.cpp">
      <Filter>04.Effect\00.KirbyEffect\00.Eff_NormalAtt</Filter>
    </ClCompile>
    <ClCompile Include="Eff_Normal_FlyAtt.cpp">
      <Filter>04.Effect\00.KirbyEffect\01.Eff_Normal_FLY</Filter>
    </ClCompile>
    <ClCompile Include="Eff_Dash.cpp">
      <Filter>04.Effect\00.KirbyEffect\02.Eff_Dash</Filter>
    </ClCompile>
    <ClCompile Include="Scene.cpp">
      <Filter>05.Scene</Filter>
    </ClCompile>
    <ClCompile Include="SceneManager.cpp">
      <Filter>97.Managers\05.SceneManager</Filter>
    </ClCompile>
    <ClCompile Include="Boss.cpp">
      <Filter>05.Scene\99.Boss</Filter>
    </ClCompile>
    <ClCompile Include="Logo.cpp">
      <Filter>05.Scene\00.Logo</Filter>
    </ClCompile>
    <ClCompile Include="Title.cpp">
      <Filter>05.Scene\01.Title</Filter>
    </ClCompile>
    <ClCompile Include="Stage1_1.cpp">
      <Filter>05.Scene\02.Stage1-1</Filter>
    </ClCompile>
    <ClCompile Include="HitBox.cpp">
      <Filter>01.GameObject\02.HitBox</Filter>
    </ClCompile>
    <ClCompile Include="Wadorudi.cpp">
      <Filter>03.Enemy\01.Wadorudi</Filter>
    </ClCompile>
    <ClCompile Include="Enemy.cpp">
      <Filter>03.Enemy</Filter>
    </ClCompile>
    <ClCompile Include="Eff_ShootingStar.cpp">
      <Filter>04.Effect\00.KirbyEffect\03.Eff_ShootingStar</Filter>
    </ClCompile>
    <ClCompile Include="Scarfy.cpp">
      <Filter>03.Enemy\02.Scarfy</Filter>
    </ClCompile>
    <ClCompile Include="Door.cpp">
      <Filter>01.GameObject\03.MapObject</Filter>
    </ClCompile>
    <ClCompile Include="MidBoss.cpp">
      <Filter>05.Scene\97.MidBoss</Filter>
    </ClCompile>
    <ClCompile Include="DDD.cpp">
      <Filter>03.Enemy\97.DDD</Filter>
    </ClCompile>
    <ClCompile Include="InhailStar.cpp">
      <Filter>03.Enemy\00.InhailStar</Filter>
    </ClCompile>
    <ClCompile Include="SwordKnight.cpp">
      <Filter>03.Enemy\03.SwordKnight</Filter>
    </ClCompile>
    <ClCompile Include="Eff_MiniStar.cpp">
      <Filter>04.Effect\00.KirbyEffect\04.Eff_MiniStar</Filter>
    </ClCompile>
    <ClCompile Include="Eff_ClearStar.cpp">
      <Filter>04.Effect\00.KirbyEffect\05.Eff_ClearStar</Filter>
    </ClCompile>
    <ClCompile Include="Eff_Transform.cpp">
      <Filter>04.Effect\00.KirbyEffect\06.Eff_Transform</Filter>
    </ClCompile>
    <ClCompile Include="MetaKnight.cpp">
      <Filter>03.Enemy\99.MetaKnight</Filter>
    </ClCompile>
    <ClCompile Include="Eff_Tornado.cpp">
      <Filter>04.Effect\01.MetaKnightEffect\01.Tornado</Filter>
    </ClCompile>
    <ClCompile Include="Eff_SlashSkill.cpp">
      <Filter>04.Effect\01.MetaKnightEffect\00.SlashSkill</Filter>
    </ClCompile>
    <ClCompile Include="SoundManager.cpp">
      <Filter>97.Managers\06.SoundManager</Filter>
    </ClCompile>
    <ClCompile Include="UI_PlayerHp.cpp">
      <Filter>06.UI\00.PlayerHp</Filter>
    </ClCompile>
    <ClCompile Include="UI_BossHp.cpp">
      <Filter>06.UI\01.BossHp</Filter>
    </ClCompile>
    <ClCompile Include="SpecialMap.cpp">
      <Filter>05.Scene\98.Special</Filter>
    </ClCompile>
    <ClCompile Include="MarioFire.cpp">
      <Filter>04.Effect\02.MarioFire</Filter>
    </ClCompile>
    <ClCompile Include="Mario.cpp">
      <Filter>03.Enemy\98.Mario</Filter>
    </ClCompile>
  </ItemGroup>
  <ItemGroup>
    <Image Include="Client.ico">
      <Filter>99.Default</Filter>
    </Image>
    <Image Include="small.ico">
      <Filter>99.Default</Filter>
    </Image>
  </ItemGroup>
  <ItemGroup>
    <ResourceCompile Include="Client.rc">
      <Filter>99.Default</Filter>
    </ResourceCompile>
  </ItemGroup>
</Project>